
Microsoft Visual Studio Solution File, Format Version 12.00
# Visual Studio Version 17
VisualStudioVersion = 17.10.35013.160
MinimumVisualStudioVersion = 10.0.40219.1
Project("{9A19103F-16F7-4668-BE54-9A1E7A4F7556}") = "Example1", "Example1\Example1.csproj", "{BEC890C6-3732-4704-B949-EF2703D0855C}"
EndProject
Project("{FAE04EC0-301F-11D3-BF4B-00C04F79EFBC}") = "Example2_DB", "Example2_DB\Example2_DB.csproj", "{9FFA8193-E555-4582-9EF5-7DA8048C6D5F}"
EndProject
Global
	GlobalSection(SolutionConfigurationPlatforms) = preSolution
		Debug|Any CPU = Debug|Any CPU
		Release|Any CPU = Release|Any CPU
	EndGlobalSection
	GlobalSection(ProjectConfigurationPlatforms) = postSolution
		{BEC890C6-3732-4704-B949-EF2703D0855C}.Debug|Any CPU.ActiveCfg = Debug|Any CPU
		{BEC890C6-3732-4704-B949-EF2703D0855C}.Debug|Any CPU.Build.0 = Debug|Any CPU
		{BEC890C6-3732-4704-B949-EF2703D0855C}.Release|Any CPU.ActiveCfg = Release|Any CPU
		{BEC890C6-3732-4704-B949-EF2703D0855C}.Release|Any CPU.Build.0 = Release|Any CPU
		{9FFA8193-E555-4582-9EF5-7DA8048C6D5F}.Debug|Any CPU.ActiveCfg = Debug|Any CPU
		{9FFA8193-E555-4582-9EF5-7DA8048C6D5F}.Debug|Any CPU.Build.0 = Debug|Any CPU
		{9FFA8193-E555-4582-9EF5-7DA8048C6D5F}.Release|Any CPU.ActiveCfg = Release|Any CPU
		{9FFA8193-E555-4582-9EF5-7DA8048C6D5F}.Release|Any CPU.Build.0 = Release|Any CPU
	EndGlobalSection
	GlobalSection(SolutionProperties) = preSolution
		HideSolutionNode = FALSE
	EndGlobalSection
	GlobalSection(ExtensibilityGlobals) = postSolution
		SolutionGuid = {FDF20D14-E7D4-4A7F-96A1-280051C0DD1C}
	EndGlobalSection
EndGlobal
